<?xml version="1.0" encoding="utf-8"?>
<Project ToolsVersion="4.0" xmlns="http://schemas.microsoft.com/developer/msbuild/2003">
  <ItemGroup>
    <Filter Include="Source Files">
      <UniqueIdentifier>{4FC737F1-C7A5-4376-A066-2A32D752A2FF}</UniqueIdentifier>
      <Extensions>cpp;c;cc;cxx;c++;cppm;ixx;def;odl;idl;hpj;bat;asm;asmx</Extensions>
    </Filter>
    <Filter Include="Header Files">
      <UniqueIdentifier>{93995380-89BD-4b04-88EB-625FBE52EBFB}</UniqueIdentifier>
      <Extensions>h;hh;hpp;hxx;h++;hm;inl;inc;ipp;xsd</Extensions>
    </Filter>
    <Filter Include="Resource Files">
      <UniqueIdentifier>{67DA6AB6-F800-4c08-8B7A-83BB121AAD01}</UniqueIdentifier>
      <Extensions>rc;ico;cur;bmp;dlg;rc2;rct;bin;rgs;gif;jpg;jpeg;jpe;resx;tiff;tif;png;wav;mfcribbon-ms</Extensions>
    </Filter>
    <Filter Include="Header Files\macros">
      <UniqueIdentifier>{ae02983c-f4ab-4264-9ffe-86146cda95d3}</UniqueIdentifier>
    </Filter>
    <Filter Include="Header Files\memory">
      <UniqueIdentifier>{f44e2fd7-0372-4bbd-a0d7-289838a26e50}</UniqueIdentifier>
    </Filter>
    <Filter Include="Header Files\thread">
      <UniqueIdentifier>{79e346dc-46c5-4def-9af9-896ac4c7b90d}</UniqueIdentifier>
    </Filter>
    <Filter Include="Header Files\types">
      <UniqueIdentifier>{c66bf746-b668-444f-bbbd-2c613ee2fcf8}</UniqueIdentifier>
    </Filter>
    <Filter Include="Header Files\file">
      <UniqueIdentifier>{d7f65a63-ef07-41dd-a573-292c08a3a9d1}</UniqueIdentifier>
    </Filter>
    <Filter Include="Source Files\file">
      <UniqueIdentifier>{e1805935-1e83-4849-8783-e39c20bff746}</UniqueIdentifier>
    </Filter>
    <Filter Include="Source Files\memory">
      <UniqueIdentifier>{d7116ea9-f791-4b27-a2e3-2088f74a2a87}</UniqueIdentifier>
    </Filter>
    <Filter Include="Source Files\types">
      <UniqueIdentifier>{eca0b188-c080-4c39-a031-a71aff68bae8}</UniqueIdentifier>
    </Filter>
  </ItemGroup>
  <ItemGroup>
    <ClCompile Include="src\file\nyFileWatcher.cpp">
      <Filter>Source Files\file</Filter>
    </ClCompile>
    <ClCompile Include="src\file\nyPath.cpp">
      <Filter>Source Files\file</Filter>
    </ClCompile>
    <ClCompile Include="src\file\nyFile.cpp">
      <Filter>Source Files\file</Filter>
    </ClCompile>
    <ClCompile Include="src\memory\nyAllocator.cpp">
      <Filter>Source Files\memory</Filter>
    </ClCompile>
    <ClCompile Include="src\types\nyTypes.cpp">
      <Filter>Source Files\types</Filter>
    </ClCompile>
    <ClCompile Include="src\nyLog.cpp">
      <Filter>Source Files</Filter>
    </ClCompile>
  </ItemGroup>
  <ItemGroup>
    <ClInclude Include="include\macros\nyApi.hpp">
      <Filter>Header Files\macros</Filter>
    </ClInclude>
    <ClInclude Include="include\macros\nyBuild.hpp">
      <Filter>Header Files\macros</Filter>
    </ClInclude>
    <ClInclude Include="include\macros\nyCompiler.hpp">
      <Filter>Header Files\macros</Filter>
    </ClInclude>
    <ClInclude Include="include\macros\nyConfig.hpp">
      <Filter>Header Files\macros</Filter>
    </ClInclude>
    <ClInclude Include="include\macros\nyFeatures.hpp">
      <Filter>Header Files\macros</Filter>
    </ClInclude>
    <ClInclude Include="include\macros\nyLogMacros.hpp">
      <Filter>Header Files\macros</Filter>
    </ClInclude>
    <ClInclude Include="include\macros\nyMacros.hpp">
      <Filter>Header Files\macros</Filter>
    </ClInclude>
    <ClInclude Include="include\macros\nyPlatform.hpp">
      <Filter>Header Files\macros</Filter>
    </ClInclude>
    <ClInclude Include="include\macros\nyResultMacros.hpp">
      <Filter>Header Files\macros</Filter>
    </ClInclude>
    <ClInclude Include="include\macros\nyWarnings.hpp">
      <Filter>Header Files\macros</Filter>
    </ClInclude>
    <ClInclude Include="include\memory\nyAllocator.hpp">
      <Filter>Header Files\memory</Filter>
    </ClInclude>
    <ClInclude Include="include\memory\nyByteBuffer.hpp">
      <Filter>Header Files\memory</Filter>
    </ClInclude>
    <ClInclude Include="include\memory\nyMemory.hpp">
      <Filter>Header Files\memory</Filter>
    </ClInclude>
    <ClInclude Include="include\thread\nyConditionVariable.hpp">
      <Filter>Header Files\thread</Filter>
    </ClInclude>
    <ClInclude Include="include\thread\nyLockGuard.hpp">
      <Filter>Header Files\thread</Filter>
    </ClInclude>
    <ClInclude Include="include\thread\nyMutex.hpp">
      <Filter>Header Files\thread</Filter>
    </ClInclude>
    <ClInclude Include="include\thread\nySpinlock.hpp">
      <Filter>Header Files\thread</Filter>
    </ClInclude>
    <ClInclude Include="include\thread\nyThread.hpp">
      <Filter>Header Files\thread</Filter>
    </ClInclude>
    <ClInclude Include="include\thread\nyTime.hpp">
      <Filter>Header Files\thread</Filter>
    </ClInclude>
    <ClInclude Include="include\types\nyHandle.hpp">
      <Filter>Header Files\types</Filter>
    </ClInclude>
    <ClInclude Include="include\types\nyModule.h">
      <Filter>Header Files\types</Filter>
    </ClInclude>
    <ClInclude Include="include\types\nyResult.hpp">
      <Filter>Header Files\types</Filter>
    </ClInclude>
    <ClInclude Include="include\types\nySpan.hpp">
      <Filter>Header Files\types</Filter>
    </ClInclude>
    <ClInclude Include="include\types\nyStatus.hpp">
      <Filter>Header Files\types</Filter>
    </ClInclude>
    <ClInclude Include="include\types\nyStringView.hpp">
      <Filter>Header Files\types</Filter>
    </ClInclude>
    <ClInclude Include="include\types\nyTypes.hpp">
      <Filter>Header Files\types</Filter>
    </ClInclude>
    <ClInclude Include="include\nyFormat.hpp">
      <Filter>Header Files</Filter>
    </ClInclude>
    <ClInclude Include="include\nyLog.hpp">
      <Filter>Header Files</Filter>
    </ClInclude>
    <ClInclude Include="include\nyPrerequisiteUtilities.h">
      <Filter>Header Files</Filter>
    </ClInclude>
    <ClInclude Include="include\file\nyFile.h">
      <Filter>Header Files\file</Filter>
    </ClInclude>
    <ClInclude Include="include\macros\nyModuleName.h">
      <Filter>Header Files\macros</Filter>
    </ClInclude>
    <ClInclude Include="include\types\nyContainers.h">
      <Filter>Header Files\types</Filter>
    </ClInclude>
    <ClInclude Include="include\file\nyFileWatcher.h">
      <Filter>Header Files\file</Filter>
    </ClInclude>
    <ClInclude Include="include\file\nyPath.h">
      <Filter>Header Files\file</Filter>
    </ClInclude>
  </ItemGroup>
</Project>