<?xml version="1.0" encoding="utf-8"?>
<Project ToolsVersion="4.0" xmlns="http://schemas.microsoft.com/developer/msbuild/2003">
  <ItemGroup>
    <Filter Include="Source Files">
      <UniqueIdentifier>{4FC737F1-C7A5-4376-A066-2A32D752A2FF}</UniqueIdentifier>
      <Extensions>cpp;c;cc;cxx;c++;cppm;ixx;def;odl;idl;hpj;bat;asm;asmx</Extensions>
    </Filter>
    <Filter Include="Header Files">
      <UniqueIdentifier>{93995380-89BD-4b04-88EB-625FBE52EBFB}</UniqueIdentifier>
      <Extensions>h;hh;hpp;hxx;h++;hm;inl;inc;ipp;xsd</Extensions>
    </Filter>
    <Filter Include="Resource Files">
      <UniqueIdentifier>{67DA6AB6-F800-4c08-8B7A-83BB121AAD01}</UniqueIdentifier>
      <Extensions>rc;ico;cur;bmp;dlg;rc2;rct;bin;rgs;gif;jpg;jpeg;jpe;resx;tiff;tif;png;wav;mfcribbon-ms</Extensions>
    </Filter>
    <Filter Include="Header Files\u0">
      <UniqueIdentifier>{1b3f47a7-492d-476f-b5a3-e13355768465}</UniqueIdentifier>
    </Filter>
    <Filter Include="Source Files\u0">
      <UniqueIdentifier>{3cb537bc-214d-41d6-9db3-2edbd198d1ec}</UniqueIdentifier>
    </Filter>
  </ItemGroup>
  <ItemGroup>
    <ClInclude Include="include\u0\nyPrerequisiteUtilities.h">
      <Filter>Header Files\u0</Filter>
    </ClInclude>
    <ClInclude Include="include\u0\nyApi.hpp">
      <Filter>Header Files\u0</Filter>
    </ClInclude>
    <ClInclude Include="include\u0\nyBuild.hpp">
      <Filter>Header Files\u0</Filter>
    </ClInclude>
    <ClInclude Include="include\u0\nyCompiler.hpp">
      <Filter>Header Files\u0</Filter>
    </ClInclude>
    <ClInclude Include="include\u0\nyConfig.hpp">
      <Filter>Header Files\u0</Filter>
    </ClInclude>
    <ClInclude Include="include\u0\nyFeatures.hpp">
      <Filter>Header Files\u0</Filter>
    </ClInclude>
    <ClInclude Include="include\u0\nyFormat.hpp">
      <Filter>Header Files\u0</Filter>
    </ClInclude>
    <ClInclude Include="include\u0\nyLog.hpp">
      <Filter>Header Files\u0</Filter>
    </ClInclude>
    <ClInclude Include="include\u0\nyLogMacros.hpp">
      <Filter>Header Files\u0</Filter>
    </ClInclude>
    <ClInclude Include="include\u0\nyMacros.hpp">
      <Filter>Header Files\u0</Filter>
    </ClInclude>
    <ClInclude Include="include\u0\nyModule.h">
      <Filter>Header Files\u0</Filter>
    </ClInclude>
    <ClInclude Include="include\u0\nyPlatform.hpp">
      <Filter>Header Files\u0</Filter>
    </ClInclude>
    <ClInclude Include="include\u0\nySpan.hpp">
      <Filter>Header Files\u0</Filter>
    </ClInclude>
    <ClInclude Include="include\u0\nyStringView.hpp">
      <Filter>Header Files\u0</Filter>
    </ClInclude>
    <ClInclude Include="include\u0\nyTypes.hpp">
      <Filter>Header Files\u0</Filter>
    </ClInclude>
    <ClInclude Include="include\u0\nyWarnings.hpp">
      <Filter>Header Files\u0</Filter>
    </ClInclude>
    <ClInclude Include="include\u0\nyStatus.hpp">
      <Filter>Header Files\u0</Filter>
    </ClInclude>
    <ClInclude Include="include\u0\nyResult.hpp">
      <Filter>Header Files\u0</Filter>
    </ClInclude>
  </ItemGroup>
  <ItemGroup>
    <ClCompile Include="include\u0\deleteme.cpp">
      <Filter>Source Files</Filter>
    </ClCompile>
    <ClCompile Include="src\u0\nyLog.cpp">
      <Filter>Source Files\u0</Filter>
    </ClCompile>
  </ItemGroup>
</Project>